{
  "name": "cheapreats-node-sdk",
  "version": "1.0.0",
  "lockfileVersion": 1,
  "requires": true,
  "dependencies": {
    "@types/async": {
      "version": "2.0.47",
      "resolved": "https://registry.npmjs.org/@types/async/-/async-2.0.47.tgz",
      "integrity": "sha512-/mQMARXVSuGbwOFFBKA4s0qRKtOaaTgnllp3qU4sMzDVGGAroPblyd529yBALnK/WEY8nHyRGx0/RFUDmhpVmQ==",
      "optional": true
    },
    "@types/graphql": {
      "version": "0.12.6",
      "resolved": "https://registry.npmjs.org/@types/graphql/-/graphql-0.12.6.tgz",
      "integrity": "sha512-wXAVyLfkG1UMkKOdMijVWFky39+OD/41KftzqfX1Oejd0Gm6dOIKjCihSVECg6X7PHjftxXmfOKA/d1H79ZfvQ=="
    },
    "@types/zen-observable": {
      "version": "0.5.3",
      "resolved": "https://registry.npmjs.org/@types/zen-observable/-/zen-observable-0.5.3.tgz",
      "integrity": "sha512-aDvGDAHcVfUqNmd8q4//cHAP+HGxsbChbBbuk3+kMVk5TTxfWLpQWvVN3+UPjohLnwMYN7jr6BWNn2cYNqdm7g=="
    },
    "apollo-cache": {
      "version": "1.1.7",
      "resolved": "https://registry.npmjs.org/apollo-cache/-/apollo-cache-1.1.7.tgz",
      "integrity": "sha512-EZncr0DlIhGkNVvkXB2kJL5FNk3Ntpwo1Dbk3l5Vtuek6MTBm/pTwDnK+nVDnZIsmxbQ7A2oPe+Pp8SbcjhAbQ==",
      "requires": {
        "apollo-utilities": "1.0.11"
      }
    },
    "apollo-cache-inmemory": {
      "version": "1.1.12",
      "resolved": "https://registry.npmjs.org/apollo-cache-inmemory/-/apollo-cache-inmemory-1.1.12.tgz",
      "integrity": "sha512-dcdialPw2n+bj5S5CLmTdEWrl6g1n3rn4mACZJoUxMLyf2lBzuk99I4hfA2BCO4USkbwe69qC99P1I/T4w8WHg==",
      "requires": {
        "apollo-cache": "1.1.7",
        "apollo-utilities": "1.0.11",
        "graphql-anywhere": "4.1.8"
      }
    },
    "apollo-client": {
      "version": "2.2.8",
      "resolved": "https://registry.npmjs.org/apollo-client/-/apollo-client-2.2.8.tgz",
      "integrity": "sha512-Xc2IQYdYjX4CNv25L7tQwd+BBHySEN/ZkVa0TE2XYq5F74UIPGcrV3zHajB6NVZMlMdItsOX/TcOWeUwLIUqlQ==",
      "requires": {
        "@types/async": "2.0.47",
        "@types/zen-observable": "0.5.3",
        "apollo-cache": "1.1.7",
        "apollo-link": "1.2.2",
        "apollo-link-dedup": "1.0.9",
        "apollo-utilities": "1.0.11",
        "symbol-observable": "1.2.0",
        "zen-observable": "0.7.1"
      }
    },
    "apollo-link": {
      "version": "1.2.2",
      "resolved": "https://registry.npmjs.org/apollo-link/-/apollo-link-1.2.2.tgz",
      "integrity": "sha512-Uk/BC09dm61DZRDSu52nGq0nFhq7mcBPTjy5EEH1eunJndtCaNXQhQz/BjkI2NdrfGI+B+i5he6YSoRBhYizdw==",
      "requires": {
        "@types/graphql": "0.12.6",
        "apollo-utilities": "1.0.11",
        "zen-observable-ts": "0.8.9"
      }
    },
    "apollo-link-context": {
      "version": "1.0.8",
      "resolved": "https://registry.npmjs.org/apollo-link-context/-/apollo-link-context-1.0.8.tgz",
      "integrity": "sha512-wgDwBbWqHblf7W0DD2b80kXLtSAfvbXnsxSrli0GuF77VwxjLChijiHinW5bjurzZvP8YRMNhitmrrF5ia7NsA==",
      "requires": {
        "apollo-link": "1.2.2"
      }
    },
    "apollo-link-dedup": {
      "version": "1.0.9",
      "resolved": "https://registry.npmjs.org/apollo-link-dedup/-/apollo-link-dedup-1.0.9.tgz",
      "integrity": "sha512-RbuEKpmSHVMtoREMPh2wUFTeh65q+0XPVeqgaOP/rGEAfvLyOMvX0vT2nVaejMohoMxuUnfZwpldXaDFWnlVbg==",
      "requires": {
        "apollo-link": "1.2.2"
      }
    },
    "apollo-link-http": {
      "version": "1.5.4",
      "resolved": "https://registry.npmjs.org/apollo-link-http/-/apollo-link-http-1.5.4.tgz",
      "integrity": "sha512-e9Ng3HfnW00Mh3TI6DhNRfozmzQOtKgdi+qUAsHBOEcTP0PTAmb+9XpeyEEOueLyO0GXhB92HUCIhzrWMXgwyg==",
      "requires": {
        "apollo-link": "1.2.2",
        "apollo-link-http-common": "0.2.4"
      }
    },
    "apollo-link-http-common": {
      "version": "0.2.4",
      "resolved": "https://registry.npmjs.org/apollo-link-http-common/-/apollo-link-http-common-0.2.4.tgz",
      "integrity": "sha512-4j6o6WoXuSPen9xh4NBaX8/vL98X1xY2cYzUEK1F8SzvHe2oFONfxJBTekwU8hnvapcuq8Qh9Uct+gelu8T10g==",
      "requires": {
        "apollo-link": "1.2.2"
      }
    },
    "apollo-utilities": {
      "version": "1.0.11",
      "resolved": "https://registry.npmjs.org/apollo-utilities/-/apollo-utilities-1.0.11.tgz",
      "integrity": "sha512-SAjRTqcYVHwpct+bcwX3x3zGEQOkNzj3Ri7Iy+vFIozxS8xtdkQqPiML7S6EI9Q2IuimQ7gvuYFHY0HQK0O1AA=="
    },
    "balanced-match": {
      "version": "1.0.0",
      "resolved": "https://registry.npmjs.org/balanced-match/-/balanced-match-1.0.0.tgz",
      "integrity": "sha1-ibTRmasr7kneFk6gK4nORi1xt2c=",
      "dev": true
    },
    "brace-expansion": {
      "version": "1.1.11",
      "resolved": "https://registry.npmjs.org/brace-expansion/-/brace-expansion-1.1.11.tgz",
      "integrity": "sha512-iCuPHDFgrHX7H2vEI/5xpz07zSHB00TpugqhmYtVmMO6518mCuRMoOYFldEBl0g187ufozdaHgWKcYFb61qGiA==",
      "dev": true,
      "requires": {
        "balanced-match": "1.0.0",
        "concat-map": "0.0.1"
      }
    },
    "browser-stdout": {
      "version": "1.3.1",
      "resolved": "https://registry.npmjs.org/browser-stdout/-/browser-stdout-1.3.1.tgz",
      "integrity": "sha512-qhAVI1+Av2X7qelOfAIYwXONood6XlZE/fXaBSmW/T5SzLAmCgzi+eiWE7fUvbHaeNBQH13UftjpXxsfLkMpgw==",
      "dev": true
    },
    "commander": {
      "version": "2.11.0",
      "resolved": "https://registry.npmjs.org/commander/-/commander-2.11.0.tgz",
      "integrity": "sha512-b0553uYA5YAEGgyYIGYROzKQ7X5RAqedkfjiZxwi0kL1g3bOaBNNZfYkzt/CL0umgD5wc9Jec2FbB98CjkMRvQ==",
      "dev": true
    },
    "concat-map": {
      "version": "0.0.1",
      "resolved": "https://registry.npmjs.org/concat-map/-/concat-map-0.0.1.tgz",
      "integrity": "sha1-2Klr13/Wjfd5OnMDajug1UBdR3s=",
      "dev": true
    },
    "debug": {
      "version": "3.1.0",
      "resolved": "https://registry.npmjs.org/debug/-/debug-3.1.0.tgz",
      "integrity": "sha512-OX8XqP7/1a9cqkxYw2yXss15f26NKWBpDXQd0/uK/KPqdQhxbPa994hnzjcE2VqQpDslf55723cKPUOGSmMY3g==",
      "dev": true,
      "requires": {
        "ms": "2.0.0"
      }
    },
    "diff": {
      "version": "3.5.0",
      "resolved": "https://registry.npmjs.org/diff/-/diff-3.5.0.tgz",
      "integrity": "sha512-A46qtFgd+g7pDZinpnwiRJtxbC1hpgf0uzP3iG89scHk0AUC7A1TGxf5OiiOUv/JMZR8GOt8hL900hV0bOy5xA==",
      "dev": true
    },
    "escape-string-regexp": {
      "version": "1.0.5",
      "resolved": "https://registry.npmjs.org/escape-string-regexp/-/escape-string-regexp-1.0.5.tgz",
      "integrity": "sha1-G2HAViGQqN/2rjuyzwIAyhMLhtQ=",
      "dev": true
    },
    "fs.realpath": {
      "version": "1.0.0",
      "resolved": "https://registry.npmjs.org/fs.realpath/-/fs.realpath-1.0.0.tgz",
      "integrity": "sha1-FQStJSMVjKpA20onh8sBQRmU6k8=",
      "dev": true
    },
    "glob": {
      "version": "7.1.2",
      "resolved": "https://registry.npmjs.org/glob/-/glob-7.1.2.tgz",
      "integrity": "sha512-MJTUg1kjuLeQCJ+ccE4Vpa6kKVXkPYJ2mOCQyUuKLcLQsdrMCpBPUi8qVE6+YuaJkozeA9NusTAw3hLr8Xe5EQ==",
      "dev": true,
      "requires": {
        "fs.realpath": "1.0.0",
        "inflight": "1.0.6",
        "inherits": "2.0.3",
        "minimatch": "3.0.4",
        "once": "1.4.0",
        "path-is-absolute": "1.0.1"
      }
    },
    "graphql": {
      "version": "0.13.2",
      "resolved": "https://registry.npmjs.org/graphql/-/graphql-0.13.2.tgz",
      "integrity": "sha512-QZ5BL8ZO/B20VA8APauGBg3GyEgZ19eduvpLWoq5x7gMmWnHoy8rlQWPLmWgFvo1yNgjSEFMesmS4R6pPr7xog==",
      "requires": {
        "iterall": "1.2.2"
      }
    },
    "graphql-anywhere": {
      "version": "4.1.8",
      "resolved": "https://registry.npmjs.org/graphql-anywhere/-/graphql-anywhere-4.1.8.tgz",
      "integrity": "sha512-beHsTvul0izwSTA4Av0V5QNx5WKa4rsdiYZ8xBs08x7ya4+hpuXSMye4uztqIUqCBhI0BpvfTuGvXyPeYCNwgQ==",
      "requires": {
        "apollo-utilities": "1.0.11"
      }
    },
    "graphql-tag": {
      "version": "2.8.0",
      "resolved": "https://registry.npmjs.org/graphql-tag/-/graphql-tag-2.8.0.tgz",
      "integrity": "sha1-Us3qB6hCFU7BGi6EDBG5d/m4Nc4="
    },
    "growl": {
      "version": "1.10.3",
      "resolved": "https://registry.npmjs.org/growl/-/growl-1.10.3.tgz",
      "integrity": "sha512-hKlsbA5Vu3xsh1Cg3J7jSmX/WaW6A5oBeqzM88oNbCRQFz+zUaXm6yxS4RVytp1scBoJzSYl4YAEOQIt6O8V1Q==",
      "dev": true
    },
    "has-flag": {
      "version": "2.0.0",
      "resolved": "https://registry.npmjs.org/has-flag/-/has-flag-2.0.0.tgz",
      "integrity": "sha1-6CB68cx7MNRGzHC3NLXovhj4jVE=",
      "dev": true
    },
    "he": {
      "version": "1.1.1",
      "resolved": "https://registry.npmjs.org/he/-/he-1.1.1.tgz",
      "integrity": "sha1-k0EP0hsAlzUVH4howvJx80J+I/0=",
      "dev": true
    },
    "inflight": {
      "version": "1.0.6",
      "resolved": "https://registry.npmjs.org/inflight/-/inflight-1.0.6.tgz",
      "integrity": "sha1-Sb1jMdfQLQwJvJEKEHW6gWW1bfk=",
      "dev": true,
      "requires": {
        "once": "1.4.0",
        "wrappy": "1.0.2"
      }
    },
    "inherits": {
      "version": "2.0.3",
      "resolved": "https://registry.npmjs.org/inherits/-/inherits-2.0.3.tgz",
      "integrity": "sha1-Yzwsg+PaQqUC9SRmAiSA9CCCYd4=",
      "dev": true
    },
    "iterall": {
      "version": "1.2.2",
      "resolved": "https://registry.npmjs.org/iterall/-/iterall-1.2.2.tgz",
      "integrity": "sha512-yynBb1g+RFUPY64fTrFv7nsjRrENBQJaX2UL+2Szc9REFrSNm1rpSXHGzhmAy7a9uv3vlvgBlXnf9RqmPH1/DA=="
    },
    "minimatch": {
      "version": "3.0.4",
      "resolved": "https://registry.npmjs.org/minimatch/-/minimatch-3.0.4.tgz",
      "integrity": "sha512-yJHVQEhyqPLUTgt9B83PXu6W3rx4MvvHvSUvToogpwoGDOUQ+yDrR0HRot+yOCdCO7u4hX3pWft6kWBBcqh0UA==",
      "dev": true,
      "requires": {
        "brace-expansion": "1.1.11"
      }
    },
    "minimist": {
      "version": "0.0.8",
      "resolved": "https://registry.npmjs.org/minimist/-/minimist-0.0.8.tgz",
      "integrity": "sha1-hX/Kv8M5fSYluCKCYuhqp6ARsF0=",
      "dev": true
    },
    "mkdirp": {
      "version": "0.5.1",
      "resolved": "https://registry.npmjs.org/mkdirp/-/mkdirp-0.5.1.tgz",
      "integrity": "sha1-MAV0OOrGz3+MR2fzhkjWaX11yQM=",
      "dev": true,
      "requires": {
        "minimist": "0.0.8"
      }
    },
    "mocha": {
      "version": "5.0.5",
      "resolved": "https://registry.npmjs.org/mocha/-/mocha-5.0.5.tgz",
      "integrity": "sha512-3MM3UjZ5p8EJrYpG7s+29HAI9G7sTzKEe4+w37Dg0QP7qL4XGsV+Q2xet2cE37AqdgN1OtYQB6Vl98YiPV3PgA==",
      "dev": true,
      "requires": {
        "browser-stdout": "1.3.1",
        "commander": "2.11.0",
        "debug": "3.1.0",
        "diff": "3.5.0",
        "escape-string-regexp": "1.0.5",
        "glob": "7.1.2",
        "growl": "1.10.3",
        "he": "1.1.1",
        "mkdirp": "0.5.1",
        "supports-color": "4.4.0"
      }
    },
    "ms": {
      "version": "2.0.0",
      "resolved": "https://registry.npmjs.org/ms/-/ms-2.0.0.tgz",
      "integrity": "sha1-VgiurfwAvmwpAd9fmGF4jeDVl8g=",
      "dev": true
    },
    "node-fetch": {
      "version": "2.1.2",
      "resolved": "https://registry.npmjs.org/node-fetch/-/node-fetch-2.1.2.tgz",
      "integrity": "sha1-q4hOjn5X44qUR1POxwb3iNF2i7U="
    },
    "once": {
      "version": "1.4.0",
      "resolved": "https://registry.npmjs.org/once/-/once-1.4.0.tgz",
      "integrity": "sha1-WDsap3WWHUsROsF9nFC6753Xa9E=",
      "dev": true,
      "requires": {
        "wrappy": "1.0.2"
      }
    },
    "path-is-absolute": {
      "version": "1.0.1",
      "resolved": "https://registry.npmjs.org/path-is-absolute/-/path-is-absolute-1.0.1.tgz",
      "integrity": "sha1-F0uSaHNVNP+8es5r9TpanhtcX18=",
      "dev": true
    },
    "supports-color": {
      "version": "4.4.0",
      "resolved": "https://registry.npmjs.org/supports-color/-/supports-color-4.4.0.tgz",
      "integrity": "sha512-rKC3+DyXWgK0ZLKwmRsrkyHVZAjNkfzeehuFWdGGcqGDTZFH73+RH6S/RDAAxl9GusSjZSUWYLmT9N5pzXFOXQ==",
      "dev": true,
      "requires": {
        "has-flag": "2.0.0"
      }
    },
    "symbol-observable": {
      "version": "1.2.0",
      "resolved": "https://registry.npmjs.org/symbol-observable/-/symbol-observable-1.2.0.tgz",
      "integrity": "sha512-e900nM8RRtGhlV36KGEU9k65K3mPb1WV70OdjfxlG2EAuM1noi/E/BaW/uMhL7bPEssK8QV57vN3esixjUvcXQ=="
    },
    "wrappy": {
      "version": "1.0.2",
      "resolved": "https://registry.npmjs.org/wrappy/-/wrappy-1.0.2.tgz",
      "integrity": "sha1-tSQ9jz7BqjXxNkYFvA0QNuMKtp8=",
      "dev": true
    },
    "zen-observable": {
      "version": "0.7.1",
      "resolved": "https://registry.npmjs.org/zen-observable/-/zen-observable-0.7.1.tgz",
      "integrity": "sha512-OI6VMSe0yeqaouIXtedC+F55Sr6r9ppS7+wTbSexkYdHbdt4ctTuPNXP/rwm7GTVI63YBc+EBT0b0tl7YnJLRg=="
    },
    "zen-observable-ts": {
      "version": "0.8.9",
      "resolved": "https://registry.npmjs.org/zen-observable-ts/-/zen-observable-ts-0.8.9.tgz",
      "integrity": "sha512-KJz2O8FxbAdAU5CSc8qZ1K2WYEJb1HxS6XDRF+hOJ1rOYcg6eTMmS9xYHCXzqZZzKw6BbXWyF4UpwSsBQnHJeA==",
      "requires": {
        "zen-observable": "0.8.8"
      },
      "dependencies": {
        "zen-observable": {
          "version": "0.8.8",
          "resolved": "https://registry.npmjs.org/zen-observable/-/zen-observable-0.8.8.tgz",
          "integrity": "sha512-HnhhyNnwTFzS48nihkCZIJGsWGFcYUz+XPDlPK5W84Ifji8SksC6m7sQWOf8zdCGhzQ4tDYuMYGu5B0N1dXTtg=="
        }
      }
    }
  }
}
